
Microsoft Visual Studio Solution File, Format Version 12.00
# Visual Studio Version 17
VisualStudioVersion = 17.2.32516.85
MinimumVisualStudioVersion = 10.0.40219.1
Project("{FAE04EC0-301F-11D3-BF4B-00C04F79EFBC}") = "LearningEntityFramework", "LearningEntityFramework\LearningEntityFramework.csproj", "{2D895794-47FC-4784-8E1A-091E7C69D731}"
EndProject
Project("{FAE04EC0-301F-11D3-BF4B-00C04F79EFBC}") = "EFGetStarted", "EFGetStarted\EFGetStarted.csproj", "{E1011787-2182-4767-9871-3178ED8804A0}"
EndProject
Global
	GlobalSection(SolutionConfigurationPlatforms) = preSolution
		Debug|Any CPU = Debug|Any CPU
		Release|Any CPU = Release|Any CPU
	EndGlobalSection
	GlobalSection(ProjectConfigurationPlatforms) = postSolution
		{2D895794-47FC-4784-8E1A-091E7C69D731}.Debug|Any CPU.ActiveCfg = Debug|Any CPU
		{2D895794-47FC-4784-8E1A-091E7C69D731}.Debug|Any CPU.Build.0 = Debug|Any CPU
		{2D895794-47FC-4784-8E1A-091E7C69D731}.Release|Any CPU.ActiveCfg = Release|Any CPU
		{2D895794-47FC-4784-8E1A-091E7C69D731}.Release|Any CPU.Build.0 = Release|Any CPU
		{E1011787-2182-4767-9871-3178ED8804A0}.Debug|Any CPU.ActiveCfg = Debug|Any CPU
		{E1011787-2182-4767-9871-3178ED8804A0}.Debug|Any CPU.Build.0 = Debug|Any CPU
		{E1011787-2182-4767-9871-3178ED8804A0}.Release|Any CPU.ActiveCfg = Release|Any CPU
		{E1011787-2182-4767-9871-3178ED8804A0}.Release|Any CPU.Build.0 = Release|Any CPU
	EndGlobalSection
	GlobalSection(SolutionProperties) = preSolution
		HideSolutionNode = FALSE
	EndGlobalSection
	GlobalSection(ExtensibilityGlobals) = postSolution
		SolutionGuid = {8B9F1456-3C0D-44F2-A91D-DD396AE03999}
	EndGlobalSection
EndGlobal
